// !$*UTF8*$!
{
	archiveVersion = 1;
	classes = {
	};
	objectVersion = 46;
	objects = {

/* Begin PBXBuildFile section */
		E6CACC1B1F3C392400E392C6 /* main.m in Sources */ = {isa = PBXBuildFile; fileRef = E6CACC1A1F3C392400E392C6 /* main.m */; };
		E6CACC1E1F3C392400E392C6 /* AppDelegate.m in Sources */ = {isa = PBXBuildFile; fileRef = E6CACC1D1F3C392400E392C6 /* AppDelegate.m */; };
		E6CACC211F3C392400E392C6 /* ViewController.m in Sources */ = {isa = PBXBuildFile; fileRef = E6CACC201F3C392400E392C6 /* ViewController.m */; };
		E6CACC261F3C392400E392C6 /* Assets.xcassets in Resources */ = {isa = PBXBuildFile; fileRef = E6CACC251F3C392400E392C6 /* Assets.xcassets */; };
		E6CACC291F3C392400E392C6 /* LaunchScreen.storyboard in Resources */ = {isa = PBXBuildFile; fileRef = E6CACC271F3C392400E392C6 /* LaunchScreen.storyboard */; };
		E6CACC341F3C392400E392C6 /* JavaScriptCoreTests.m in Sources */ = {isa = PBXBuildFile; fileRef = E6CACC331F3C392400E392C6 /* JavaScriptCoreTests.m */; };
		E6CACC3F1F3C392400E392C6 /* JavaScriptCoreUITests.m in Sources */ = {isa = PBXBuildFile; fileRef = E6CACC3E1F3C392400E392C6 /* JavaScriptCoreUITests.m */; };
		E6CACC4D1F3C39FB00E392C6 /* html in Resources */ = {isa = PBXBuildFile; fileRef = E6CACC4C1F3C39FB00E392C6 /* html */; };
		E6CACC501F3C53B000E392C6 /* DetailsViewController.m in Sources */ = {isa = PBXBuildFile; fileRef = E6CACC4F1F3C53B000E392C6 /* DetailsViewController.m */; };
		E6CACC541F3C5D5B00E392C6 /* WKViewController.m in Sources */ = {isa = PBXBuildFile; fileRef = E6CACC531F3C5D5B00E392C6 /* WKViewController.m */; };
		E6CACC581F3C618E00E392C6 /* TabBarViewController.m in Sources */ = {isa = PBXBuildFile; fileRef = E6CACC571F3C618E00E392C6 /* TabBarViewController.m */; };
/* End PBXBuildFile section */

/* Begin PBXContainerItemProxy section */
		E6CACC301F3C392400E392C6 /* PBXContainerItemProxy */ = {
			isa = PBXContainerItemProxy;
			containerPortal = E6CACC0E1F3C392400E392C6 /* Project object */;
			proxyType = 1;
			remoteGlobalIDString = E6CACC151F3C392400E392C6;
			remoteInfo = JavaScriptCore;
		};
		E6CACC3B1F3C392400E392C6 /* PBXContainerItemProxy */ = {
			isa = PBXContainerItemProxy;
			containerPortal = E6CACC0E1F3C392400E392C6 /* Project object */;
			proxyType = 1;
			remoteGlobalIDString = E6CACC151F3C392400E392C6;
			remoteInfo = JavaScriptCore;
		};
/* End PBXContainerItemProxy section */

/* Begin PBXFileReference section */
		E6CACC161F3C392400E392C6 /* JavaScriptCore.app */ = {isa = PBXFileReference; explicitFileType = wrapper.application; includeInIndex = 0; path = JavaScriptCore.app; sourceTree = BUILT_PRODUCTS_DIR; };
		E6CACC1A1F3C392400E392C6 /* main.m */ = {isa = PBXFileReference; lastKnownFileType = sourcecode.c.objc; path = main.m; sourceTree = "<group>"; };
		E6CACC1C1F3C392400E392C6 /* AppDelegate.h */ = {isa = PBXFileReference; lastKnownFileType = sourcecode.c.h; path = AppDelegate.h; sourceTree = "<group>"; };
		E6CACC1D1F3C392400E392C6 /* AppDelegate.m */ = {isa = PBXFileReference; lastKnownFileType = sourcecode.c.objc; path = AppDelegate.m; sourceTree = "<group>"; };
		E6CACC1F1F3C392400E392C6 /* ViewController.h */ = {isa = PBXFileReference; lastKnownFileType = sourcecode.c.h; path = ViewController.h; sourceTree = "<group>"; };
		E6CACC201F3C392400E392C6 /* ViewController.m */ = {isa = PBXFileReference; lastKnownFileType = sourcecode.c.objc; path = ViewController.m; sourceTree = "<group>"; };
		E6CACC251F3C392400E392C6 /* Assets.xcassets */ = {isa = PBXFileReference; lastKnownFileType = folder.assetcatalog; path = Assets.xcassets; sourceTree = "<group>"; };
		E6CACC281F3C392400E392C6 /* Base */ = {isa = PBXFileReference; lastKnownFileType = file.storyboard; name = Base; path = Base.lproj/LaunchScreen.storyboard; sourceTree = "<group>"; };
		E6CACC2A1F3C392400E392C6 /* Info.plist */ = {isa = PBXFileReference; lastKnownFileType = text.plist.xml; path = Info.plist; sourceTree = "<group>"; };
		E6CACC2F1F3C392400E392C6 /* JavaScriptCoreTests.xctest */ = {isa = PBXFileReference; explicitFileType = wrapper.cfbundle; includeInIndex = 0; path = JavaScriptCoreTests.xctest; sourceTree = BUILT_PRODUCTS_DIR; };
		E6CACC331F3C392400E392C6 /* JavaScriptCoreTests.m */ = {isa = PBXFileReference; lastKnownFileType = sourcecode.c.objc; path = JavaScriptCoreTests.m; sourceTree = "<group>"; };
		E6CACC351F3C392400E392C6 /* Info.plist */ = {isa = PBXFileReference; lastKnownFileType = text.plist.xml; path = Info.plist; sourceTree = "<group>"; };
		E6CACC3A1F3C392400E392C6 /* JavaScriptCoreUITests.xctest */ = {isa = PBXFileReference; explicitFileType = wrapper.cfbundle; includeInIndex = 0; path = JavaScriptCoreUITests.xctest; sourceTree = BUILT_PRODUCTS_DIR; };
		E6CACC3E1F3C392400E392C6 /* JavaScriptCoreUITests.m */ = {isa = PBXFileReference; lastKnownFileType = sourcecode.c.objc; path = JavaScriptCoreUITests.m; sourceTree = "<group>"; };
		E6CACC401F3C392400E392C6 /* Info.plist */ = {isa = PBXFileReference; lastKnownFileType = text.plist.xml; path = Info.plist; sourceTree = "<group>"; };
		E6CACC4C1F3C39FB00E392C6 /* html */ = {isa = PBXFileReference; lastKnownFileType = folder; path = html; sourceTree = "<group>"; };
		E6CACC4E1F3C53B000E392C6 /* DetailsViewController.h */ = {isa = PBXFileReference; fileEncoding = 4; lastKnownFileType = sourcecode.c.h; path = DetailsViewController.h; sourceTree = "<group>"; };
		E6CACC4F1F3C53B000E392C6 /* DetailsViewController.m */ = {isa = PBXFileReference; fileEncoding = 4; lastKnownFileType = sourcecode.c.objc; path = DetailsViewController.m; sourceTree = "<group>"; };
		E6CACC521F3C5D5B00E392C6 /* WKViewController.h */ = {isa = PBXFileReference; fileEncoding = 4; lastKnownFileType = sourcecode.c.h; path = WKViewController.h; sourceTree = "<group>"; };
		E6CACC531F3C5D5B00E392C6 /* WKViewController.m */ = {isa = PBXFileReference; fileEncoding = 4; lastKnownFileType = sourcecode.c.objc; path = WKViewController.m; sourceTree = "<group>"; };
		E6CACC561F3C618E00E392C6 /* TabBarViewController.h */ = {isa = PBXFileReference; fileEncoding = 4; lastKnownFileType = sourcecode.c.h; path = TabBarViewController.h; sourceTree = "<group>"; };
		E6CACC571F3C618E00E392C6 /* TabBarViewController.m */ = {isa = PBXFileReference; fileEncoding = 4; lastKnownFileType = sourcecode.c.objc; path = TabBarViewController.m; sourceTree = "<group>"; };
/* End PBXFileReference section */

/* Begin PBXFrameworksBuildPhase section */
		E6CACC131F3C392400E392C6 /* Frameworks */ = {
			isa = PBXFrameworksBuildPhase;
			buildActionMask = 2147483647;
			files = (
			);
			runOnlyForDeploymentPostprocessing = 0;
		};
		E6CACC2C1F3C392400E392C6 /* Frameworks */ = {
			isa = PBXFrameworksBuildPhase;
			buildActionMask = 2147483647;
			files = (
			);
			runOnlyForDeploymentPostprocessing = 0;
		};
		E6CACC371F3C392400E392C6 /* Frameworks */ = {
			isa = PBXFrameworksBuildPhase;
			buildActionMask = 2147483647;
			files = (
			);
			runOnlyForDeploymentPostprocessing = 0;
		};
/* End PBXFrameworksBuildPhase section */

/* Begin PBXGroup section */
		E6CACC0D1F3C392400E392C6 = {
			isa = PBXGroup;
			children = (
				E6CACC181F3C392400E392C6 /* JavaScriptCore */,
				E6CACC321F3C392400E392C6 /* JavaScriptCoreTests */,
				E6CACC3D1F3C392400E392C6 /* JavaScriptCoreUITests */,
				E6CACC171F3C392400E392C6 /* Products */,
			);
			sourceTree = "<group>";
		};
		E6CACC171F3C392400E392C6 /* Products */ = {
			isa = PBXGroup;
			children = (
				E6CACC161F3C392400E392C6 /* JavaScriptCore.app */,
				E6CACC2F1F3C392400E392C6 /* JavaScriptCoreTests.xctest */,
				E6CACC3A1F3C392400E392C6 /* JavaScriptCoreUITests.xctest */,
			);
			name = Products;
			sourceTree = "<group>";
		};
		E6CACC181F3C392400E392C6 /* JavaScriptCore */ = {
			isa = PBXGroup;
			children = (
				E6CACC4C1F3C39FB00E392C6 /* html */,
				E6CACC1C1F3C392400E392C6 /* AppDelegate.h */,
				E6CACC1D1F3C392400E392C6 /* AppDelegate.m */,
				E6CACC561F3C618E00E392C6 /* TabBarViewController.h */,
				E6CACC571F3C618E00E392C6 /* TabBarViewController.m */,
				E6CACC511F3C5D3900E392C6 /* UIWebView */,
				E6CACC4E1F3C53B000E392C6 /* DetailsViewController.h */,
				E6CACC551F3C5D6000E392C6 /* WKWebView */,
				E6CACC4F1F3C53B000E392C6 /* DetailsViewController.m */,
				E6CACC251F3C392400E392C6 /* Assets.xcassets */,
				E6CACC271F3C392400E392C6 /* LaunchScreen.storyboard */,
				E6CACC2A1F3C392400E392C6 /* Info.plist */,
				E6CACC191F3C392400E392C6 /* Supporting Files */,
			);
			path = JavaScriptCore;
			sourceTree = "<group>";
		};
		E6CACC191F3C392400E392C6 /* Supporting Files */ = {
			isa = PBXGroup;
			children = (
				E6CACC1A1F3C392400E392C6 /* main.m */,
			);
			name = "Supporting Files";
			sourceTree = "<group>";
		};
		E6CACC321F3C392400E392C6 /* JavaScriptCoreTests */ = {
			isa = PBXGroup;
			children = (
				E6CACC331F3C392400E392C6 /* JavaScriptCoreTests.m */,
				E6CACC351F3C392400E392C6 /* Info.plist */,
			);
			path = JavaScriptCoreTests;
			sourceTree = "<group>";
		};
		E6CACC3D1F3C392400E392C6 /* JavaScriptCoreUITests */ = {
			isa = PBXGroup;
			children = (
				E6CACC3E1F3C392400E392C6 /* JavaScriptCoreUITests.m */,
				E6CACC401F3C392400E392C6 /* Info.plist */,
			);
			path = JavaScriptCoreUITests;
			sourceTree = "<group>";
		};
		E6CACC511F3C5D3900E392C6 /* UIWebView */ = {
			isa = PBXGroup;
			children = (
				E6CACC1F1F3C392400E392C6 /* ViewController.h */,
				E6CACC201F3C392400E392C6 /* ViewController.m */,
			);
			name = UIWebView;
			sourceTree = "<group>";
		};
		E6CACC551F3C5D6000E392C6 /* WKWebView */ = {
			isa = PBXGroup;
			children = (
				E6CACC521F3C5D5B00E392C6 /* WKViewController.h */,
				E6CACC531F3C5D5B00E392C6 /* WKViewController.m */,
			);
			name = WKWebView;
			sourceTree = "<group>";
		};
/* End PBXGroup section */

/* Begin PBXNativeTarget section */
		E6CACC151F3C392400E392C6 /* JavaScriptCore */ = {
			isa = PBXNativeTarget;
			buildConfigurationList = E6CACC431F3C392400E392C6 /* Build configuration list for PBXNativeTarget "JavaScriptCore" */;
			buildPhases = (
				E6CACC121F3C392400E392C6 /* Sources */,
				E6CACC131F3C392400E392C6 /* Frameworks */,
				E6CACC141F3C392400E392C6 /* Resources */,
			);
			buildRules = (
			);
			dependencies = (
			);
			name = JavaScriptCore;
			productName = JavaScriptCore;
			productReference = E6CACC161F3C392400E392C6 /* JavaScriptCore.app */;
			productType = "com.apple.product-type.application";
		};
		E6CACC2E1F3C392400E392C6 /* JavaScriptCoreTests */ = {
			isa = PBXNativeTarget;
			buildConfigurationList = E6CACC461F3C392400E392C6 /* Build configuration list for PBXNativeTarget "JavaScriptCoreTests" */;
			buildPhases = (
				E6CACC2B1F3C392400E392C6 /* Sources */,
				E6CACC2C1F3C392400E392C6 /* Frameworks */,
				E6CACC2D1F3C392400E392C6 /* Resources */,
			);
			buildRules = (
			);
			dependencies = (
				E6CACC311F3C392400E392C6 /* PBXTargetDependency */,
			);
			name = JavaScriptCoreTests;
			productName = JavaScriptCoreTests;
			productReference = E6CACC2F1F3C392400E392C6 /* JavaScriptCoreTests.xctest */;
			productType = "com.apple.product-type.bundle.unit-test";
		};
		E6CACC391F3C392400E392C6 /* JavaScriptCoreUITests */ = {
			isa = PBXNativeTarget;
			buildConfigurationList = E6CACC491F3C392400E392C6 /* Build configuration list for PBXNativeTarget "JavaScriptCoreUITests" */;
			buildPhases = (
				E6CACC361F3C392400E392C6 /* Sources */,
				E6CACC371F3C392400E392C6 /* Frameworks */,
				E6CACC381F3C392400E392C6 /* Resources */,
			);
			buildRules = (
			);
			dependencies = (
				E6CACC3C1F3C392400E392C6 /* PBXTargetDependency */,
			);
			name = JavaScriptCoreUITests;
			productName = JavaScriptCoreUITests;
			productReference = E6CACC3A1F3C392400E392C6 /* JavaScriptCoreUITests.xctest */;
			productType = "com.apple.product-type.bundle.ui-testing";
		};
/* End PBXNativeTarget section */

/* Begin PBXProject section */
		E6CACC0E1F3C392400E392C6 /* Project object */ = {
			isa = PBXProject;
			attributes = {
				LastUpgradeCheck = 0830;
				ORGANIZATIONNAME = XingfuQiu;
				TargetAttributes = {
					E6CACC151F3C392400E392C6 = {
						CreatedOnToolsVersion = 8.3.3;
						ProvisioningStyle = Automatic;
					};
					E6CACC2E1F3C392400E392C6 = {
						CreatedOnToolsVersion = 8.3.3;
						ProvisioningStyle = Automatic;
						TestTargetID = E6CACC151F3C392400E392C6;
					};
					E6CACC391F3C392400E392C6 = {
						CreatedOnToolsVersion = 8.3.3;
						ProvisioningStyle = Automatic;
						TestTargetID = E6CACC151F3C392400E392C6;
					};
				};
			};
			buildConfigurationList = E6CACC111F3C392400E392C6 /* Build configuration list for PBXProject "JavaScriptCore" */;
			compatibilityVersion = "Xcode 3.2";
			developmentRegion = English;
			hasScannedForEncodings = 0;
			knownRegions = (
				en,
				Base,
			);
			mainGroup = E6CACC0D1F3C392400E392C6;
			productRefGroup = E6CACC171F3C392400E392C6 /* Products */;
			projectDirPath = "";
			projectRoot = "";
			targets = (
				E6CACC151F3C392400E392C6 /* JavaScriptCore */,
				E6CACC2E1F3C392400E392C6 /* JavaScriptCoreTests */,
				E6CACC391F3C392400E392C6 /* JavaScriptCoreUITests */,
			);
		};
/* End PBXProject section */

/* Begin PBXResourcesBuildPhase section */
		E6CACC141F3C392400E392C6 /* Resources */ = {
			isa = PBXResourcesBuildPhase;
			buildActionMask = 2147483647;
			files = (
				E6CACC291F3C392400E392C6 /* LaunchScreen.storyboard in Resources */,
				E6CACC4D1F3C39FB00E392C6 /* html in Resources */,
				E6CACC261F3C392400E392C6 /* Assets.xcassets in Resources */,
			);
			runOnlyForDeploymentPostprocessing = 0;
		};
		E6CACC2D1F3C392400E392C6 /* Resources */ = {
			isa = PBXResourcesBuildPhase;
			buildActionMask = 2147483647;
			files = (
			);
			runOnlyForDeploymentPostprocessing = 0;
		};
		E6CACC381F3C392400E392C6 /* Resources */ = {
			isa = PBXResourcesBuildPhase;
			buildActionMask = 2147483647;
			files = (
			);
			runOnlyForDeploymentPostprocessing = 0;
		};
/* End PBXResourcesBuildPhase section */

/* Begin PBXSourcesBuildPhase section */
		E6CACC121F3C392400E392C6 /* Sources */ = {
			isa = PBXSourcesBuildPhase;
			buildActionMask = 2147483647;
			files = (
				E6CACC541F3C5D5B00E392C6 /* WKViewController.m in Sources */,
				E6CACC211F3C392400E392C6 /* ViewController.m in Sources */,
				E6CACC1E1F3C392400E392C6 /* AppDelegate.m in Sources */,
				E6CACC1B1F3C392400E392C6 /* main.m in Sources */,
				E6CACC581F3C618E00E392C6 /* TabBarViewController.m in Sources */,
				E6CACC501F3C53B000E392C6 /* DetailsViewController.m in Sources */,
			);
			runOnlyForDeploymentPostprocessing = 0;
		};
		E6CACC2B1F3C392400E392C6 /* Sources */ = {
			isa = PBXSourcesBuildPhase;
			buildActionMask = 2147483647;
			files = (
				E6CACC341F3C392400E392C6 /* JavaScriptCoreTests.m in Sources */,
			);
			runOnlyForDeploymentPostprocessing = 0;
		};
		E6CACC361F3C392400E392C6 /* Sources */ = {
			isa = PBXSourcesBuildPhase;
			buildActionMask = 2147483647;
			files = (
				E6CACC3F1F3C392400E392C6 /* JavaScriptCoreUITests.m in Sources */,
			);
			runOnlyForDeploymentPostprocessing = 0;
		};
/* End PBXSourcesBuildPhase section */

/* Begin PBXTargetDependency section */
		E6CACC311F3C392400E392C6 /* PBXTargetDependency */ = {
			isa = PBXTargetDependency;
			target = E6CACC151F3C392400E392C6 /* JavaScriptCore */;
			targetProxy = E6CACC301F3C392400E392C6 /* PBXContainerItemProxy */;
		};
		E6CACC3C1F3C392400E392C6 /* PBXTargetDependency */ = {
			isa = PBXTargetDependency;
			target = E6CACC151F3C392400E392C6 /* JavaScriptCore */;
			targetProxy = E6CACC3B1F3C392400E392C6 /* PBXContainerItemProxy */;
		};
/* End PBXTargetDependency section */

/* Begin PBXVariantGroup section */
		E6CACC271F3C392400E392C6 /* LaunchScreen.storyboard */ = {
			isa = PBXVariantGroup;
			children = (
				E6CACC281F3C392400E392C6 /* Base */,
			);
			name = LaunchScreen.storyboard;
			sourceTree = "<group>";
		};
/* End PBXVariantGroup section */

/* Begin XCBuildConfiguration section */
		E6CACC411F3C392400E392C6 /* Debug */ = {
			isa = XCBuildConfiguration;
			buildSettings = {
				ALWAYS_SEARCH_USER_PATHS = NO;
				CLANG_ANALYZER_NONNULL = YES;
				CLANG_ANALYZER_NUMBER_OBJECT_CONVERSION = YES_AGGRESSIVE;
				CLANG_CXX_LANGUAGE_STANDARD = "gnu++0x";
				CLANG_CXX_LIBRARY = "libc++";
				CLANG_ENABLE_MODULES = YES;
				CLANG_ENABLE_OBJC_ARC = YES;
				CLANG_WARN_BOOL_CONVERSION = YES;
				CLANG_WARN_CONSTANT_CONVERSION = YES;
				CLANG_WARN_DIRECT_OBJC_ISA_USAGE = YES_ERROR;
				CLANG_WARN_DOCUMENTATION_COMMENTS = YES;
				CLANG_WARN_EMPTY_BODY = YES;
				CLANG_WARN_ENUM_CONVERSION = YES;
				CLANG_WARN_INFINITE_RECURSION = YES;
				CLANG_WARN_INT_CONVERSION = YES;
				CLANG_WARN_OBJC_ROOT_CLASS = YES_ERROR;
				CLANG_WARN_SUSPICIOUS_MOVE = YES;
				CLANG_WARN_UNREACHABLE_CODE = YES;
				CLANG_WARN__DUPLICATE_METHOD_MATCH = YES;
				"CODE_SIGN_IDENTITY[sdk=iphoneos*]" = "iPhone Developer";
				COPY_PHASE_STRIP = NO;
				DEBUG_INFORMATION_FORMAT = dwarf;
				ENABLE_STRICT_OBJC_MSGSEND = YES;
				ENABLE_TESTABILITY = YES;
				GCC_C_LANGUAGE_STANDARD = gnu99;
				GCC_DYNAMIC_NO_PIC = NO;
				GCC_NO_COMMON_BLOCKS = YES;
				GCC_OPTIMIZATION_LEVEL = 0;
				GCC_PREPROCESSOR_DEFINITIONS = (
					"DEBUG=1",
					"$(inherited)",
				);
				GCC_WARN_64_TO_32_BIT_CONVERSION = YES;
				GCC_WARN_ABOUT_RETURN_TYPE = YES_ERROR;
				GCC_WARN_UNDECLARED_SELECTOR = YES;
				GCC_WARN_UNINITIALIZED_AUTOS = YES_AGGRESSIVE;
				GCC_WARN_UNUSED_FUNCTION = YES;
				GCC_WARN_UNUSED_VARIABLE = YES;
				IPHONEOS_DEPLOYMENT_TARGET = 10.3;
				MTL_ENABLE_DEBUG_INFO = YES;
				ONLY_ACTIVE_ARCH = YES;
				SDKROOT = iphoneos;
				TARGETED_DEVICE_FAMILY = "1,2";
			};
			name = Debug;
		};
		E6CACC421F3C392400E392C6 /* Release */ = {
			isa = XCBuildConfiguration;
			buildSettings = {
				ALWAYS_SEARCH_USER_PATHS = NO;
				CLANG_ANALYZER_NONNULL = YES;
				CLANG_ANALYZER_NUMBER_OBJECT_CONVERSION = YES_AGGRESSIVE;
				CLANG_CXX_LANGUAGE_STANDARD = "gnu++0x";
				CLANG_CXX_LIBRARY = "libc++";
				CLANG_ENABLE_MODULES = YES;
				CLANG_ENABLE_OBJC_ARC = YES;
				CLANG_WARN_BOOL_CONVERSION = YES;
				CLANG_WARN_CONSTANT_CONVERSION = YES;
				CLANG_WARN_DIRECT_OBJC_ISA_USAGE = YES_ERROR;
				CLANG_WARN_DOCUMENTATION_COMMENTS = YES;
				CLANG_WARN_EMPTY_BODY = YES;
				CLANG_WARN_ENUM_CONVERSION = YES;
				CLANG_WARN_INFINITE_RECURSION = YES;
				CLANG_WARN_INT_CONVERSION = YES;
				CLANG_WARN_OBJC_ROOT_CLASS = YES_ERROR;
				CLANG_WARN_SUSPICIOUS_MOVE = YES;
				CLANG_WARN_UNREACHABLE_CODE = YES;
				CLANG_WARN__DUPLICATE_METHOD_MATCH = YES;
				"CODE_SIGN_IDENTITY[sdk=iphoneos*]" = "iPhone Developer";
				COPY_PHASE_STRIP = NO;
				DEBUG_INFORMATION_FORMAT = "dwarf-with-dsym";
				ENABLE_NS_ASSERTIONS = NO;
				ENABLE_STRICT_OBJC_MSGSEND = YES;
				GCC_C_LANGUAGE_STANDARD = gnu99;
				GCC_NO_COMMON_BLOCKS = YES;
				GCC_WARN_64_TO_32_BIT_CONVERSION = YES;
				GCC_WARN_ABOUT_RETURN_TYPE = YES_ERROR;
				GCC_WARN_UNDECLARED_SELECTOR = YES;
				GCC_WARN_UNINITIALIZED_AUTOS = YES_AGGRESSIVE;
				GCC_WARN_UNUSED_FUNCTION = YES;
				GCC_WARN_UNUSED_VARIABLE = YES;
				IPHONEOS_DEPLOYMENT_TARGET = 10.3;
				MTL_ENABLE_DEBUG_INFO = NO;
				SDKROOT = iphoneos;
				TARGETED_DEVICE_FAMILY = "1,2";
				VALIDATE_PRODUCT = YES;
			};
			name = Release;
		};
		E6CACC441F3C392400E392C6 /* Debug */ = {
			isa = XCBuildConfiguration;
			buildSettings = {
				ASSETCATALOG_COMPILER_APPICON_NAME = AppIcon;
				INFOPLIST_FILE = JavaScriptCore/Info.plist;
				LD_RUNPATH_SEARCH_PATHS = "$(inherited) @executable_path/Frameworks";
				PRODUCT_BUNDLE_IDENTIFIER = com.xingfuqiu.JavaScriptCore;
				PRODUCT_NAME = "$(TARGET_NAME)";
			};
			name = Debug;
		};
		E6CACC451F3C392400E392C6 /* Release */ = {
			isa = XCBuildConfiguration;
			buildSettings = {
				ASSETCATALOG_COMPILER_APPICON_NAME = AppIcon;
				INFOPLIST_FILE = JavaScriptCore/Info.plist;
				LD_RUNPATH_SEARCH_PATHS = "$(inherited) @executable_path/Frameworks";
				PRODUCT_BUNDLE_IDENTIFIER = com.xingfuqiu.JavaScriptCore;
				PRODUCT_NAME = "$(TARGET_NAME)";
			};
			name = Release;
		};
		E6CACC471F3C392400E392C6 /* Debug */ = {
			isa = XCBuildConfiguration;
			buildSettings = {
				BUNDLE_LOADER = "$(TEST_HOST)";
				INFOPLIST_FILE = JavaScriptCoreTests/Info.plist;
				LD_RUNPATH_SEARCH_PATHS = "$(inherited) @executable_path/Frameworks @loader_path/Frameworks";
				PRODUCT_BUNDLE_IDENTIFIER = com.xingfuqiu.JavaScriptCoreTests;
				PRODUCT_NAME = "$(TARGET_NAME)";
				TEST_HOST = "$(BUILT_PRODUCTS_DIR)/JavaScriptCore.app/JavaScriptCore";
			};
			name = Debug;
		};
		E6CACC481F3C392400E392C6 /* Release */ = {
			isa = XCBuildConfiguration;
			buildSettings = {
				BUNDLE_LOADER = "$(TEST_HOST)";
				INFOPLIST_FILE = JavaScriptCoreTests/Info.plist;
				LD_RUNPATH_SEARCH_PATHS = "$(inherited) @executable_path/Frameworks @loader_path/Frameworks";
				PRODUCT_BUNDLE_IDENTIFIER = com.xingfuqiu.JavaScriptCoreTests;
				PRODUCT_NAME = "$(TARGET_NAME)";
				TEST_HOST = "$(BUILT_PRODUCTS_DIR)/JavaScriptCore.app/JavaScriptCore";
			};
			name = Release;
		};
		E6CACC4A1F3C392400E392C6 /* Debug */ = {
			isa = XCBuildConfiguration;
			buildSettings = {
				INFOPLIST_FILE = JavaScriptCoreUITests/Info.plist;
				LD_RUNPATH_SEARCH_PATHS = "$(inherited) @executable_path/Frameworks @loader_path/Frameworks";
				PRODUCT_BUNDLE_IDENTIFIER = com.xingfuqiu.JavaScriptCoreUITests;
				PRODUCT_NAME = "$(TARGET_NAME)";
				TEST_TARGET_NAME = JavaScriptCore;
			};
			name = Debug;
		};
		E6CACC4B1F3C392400E392C6 /* Release */ = {
			isa = XCBuildConfiguration;
			buildSettings = {
				INFOPLIST_FILE = JavaScriptCoreUITests/Info.plist;
				LD_RUNPATH_SEARCH_PATHS = "$(inherited) @executable_path/Frameworks @loader_path/Frameworks";
				PRODUCT_BUNDLE_IDENTIFIER = com.xingfuqiu.JavaScriptCoreUITests;
				PRODUCT_NAME = "$(TARGET_NAME)";
				TEST_TARGET_NAME = JavaScriptCore;
			};
			name = Release;
		};
/* End XCBuildConfiguration section */

/* Begin XCConfigurationList section */
		E6CACC111F3C392400E392C6 /* Build configuration list for PBXProject "JavaScriptCore" */ = {
			isa = XCConfigurationList;
			buildConfigurations = (
				E6CACC411F3C392400E392C6 /* Debug */,
				E6CACC421F3C392400E392C6 /* Release */,
			);
			defaultConfigurationIsVisible = 0;
			defaultConfigurationName = Release;
		};
		E6CACC431F3C392400E392C6 /* Build configuration list for PBXNativeTarget "JavaScriptCore" */ = {
			isa = XCConfigurationList;
			buildConfigurations = (
				E6CACC441F3C392400E392C6 /* Debug */,
				E6CACC451F3C392400E392C6 /* Release */,
			);
			defaultConfigurationIsVisible = 0;
			defaultConfigurationName = Release;
		};
		E6CACC461F3C392400E392C6 /* Build configuration list for PBXNativeTarget "JavaScriptCoreTests" */ = {
			isa = XCConfigurationList;
			buildConfigurations = (
				E6CACC471F3C392400E392C6 /* Debug */,
				E6CACC481F3C392400E392C6 /* Release */,
			);
			defaultConfigurationIsVisible = 0;
			defaultConfigurationName = Release;
		};
		E6CACC491F3C392400E392C6 /* Build configuration list for PBXNativeTarget "JavaScriptCoreUITests" */ = {
			isa = XCConfigurationList;
			buildConfigurations = (
				E6CACC4A1F3C392400E392C6 /* Debug */,
				E6CACC4B1F3C392400E392C6 /* Release */,
			);
			defaultConfigurationIsVisible = 0;
			defaultConfigurationName = Release;
		};
/* End XCConfigurationList section */
	};
	rootObject = E6CACC0E1F3C392400E392C6 /* Project object */;
}
